
Microsoft Visual Studio Solution File, Format Version 12.00
# Visual Studio 15
VisualStudioVersion = 15.0.26730.16
MinimumVisualStudioVersion = 10.0.40219.1
Project("{FAE04EC0-301F-11D3-BF4B-00C04F79EFBC}") = "HelloWorld", "HelloWorld\HelloWorld.csproj", "{316B911B-5A5C-49E7-9703-F779752F479A}"
EndProject
Global
	GlobalSection(SolutionConfigurationPlatforms) = preSolution
		Debug|Any CPU = Debug|Any CPU
		Release|Any CPU = Release|Any CPU
	EndGlobalSection
	GlobalSection(ProjectConfigurationPlatforms) = postSolution
		{316B911B-5A5C-49E7-9703-F779752F479A}.Debug|Any CPU.ActiveCfg = Debug|Any CPU
		{316B911B-5A5C-49E7-9703-F779752F479A}.Debug|Any CPU.Build.0 = Debug|Any CPU
		{316B911B-5A5C-49E7-9703-F779752F479A}.Release|Any CPU.ActiveCfg = Release|Any CPU
		{316B911B-5A5C-49E7-9703-F779752F479A}.Release|Any CPU.Build.0 = Release|Any CPU
	EndGlobalSection
	GlobalSection(SolutionProperties) = preSolution
		HideSolutionNode = FALSE
	EndGlobalSection
	GlobalSection(ExtensibilityGlobals) = postSolution
		SolutionGuid = {534B1256-2159-48A3-9E65-564AE2283C83}
	EndGlobalSection
EndGlobal
